
Microsoft Visual Studio Solution File, Format Version 12.00
# Visual Studio Version 16
VisualStudioVersion = 16.0.31005.135
MinimumVisualStudioVersion = 10.0.40219.1
Project("{FAE04EC0-301F-11D3-BF4B-00C04F79EFBC}") = "Andead.UnitOfWork", "Andead.UnitOfWork\Andead.UnitOfWork.csproj", "{6F690D4B-B6EB-4191-BF13-2D6BC8391A6D}"
EndProject
Global
	GlobalSection(SolutionConfigurationPlatforms) = preSolution
		Debug|Any CPU = Debug|Any CPU
		Release|Any CPU = Release|Any CPU
	EndGlobalSection
	GlobalSection(ProjectConfigurationPlatforms) = postSolution
		{6F690D4B-B6EB-4191-BF13-2D6BC8391A6D}.Debug|Any CPU.ActiveCfg = Debug|Any CPU
		{6F690D4B-B6EB-4191-BF13-2D6BC8391A6D}.Debug|Any CPU.Build.0 = Debug|Any CPU
		{6F690D4B-B6EB-4191-BF13-2D6BC8391A6D}.Release|Any CPU.ActiveCfg = Release|Any CPU
		{6F690D4B-B6EB-4191-BF13-2D6BC8391A6D}.Release|Any CPU.Build.0 = Release|Any CPU
	EndGlobalSection
	GlobalSection(SolutionProperties) = preSolution
		HideSolutionNode = FALSE
	EndGlobalSection
	GlobalSection(ExtensibilityGlobals) = postSolution
		SolutionGuid = {8DD08D82-7485-4568-940D-38079E39A9C4}
	EndGlobalSection
EndGlobal
